
Microsoft Visual Studio Solution File, Format Version 12.00
# Visual Studio Version 17
VisualStudioVersion = 17.3.32929.385
MinimumVisualStudioVersion = 10.0.40219.1
Project("{2150E333-8FDC-42A3-9474-1A3956D46DE8}") = "log", "log", "{9C8B7D7C-3CAC-4DAD-87AE-E4917AA54B1B}"
EndProject
Project("{2150E333-8FDC-42A3-9474-1A3956D46DE8}") = "sms", "sms", "{98EA6656-CE5E-48F5-9FE6-311D89C31880}"
EndProject
Project("{2150E333-8FDC-42A3-9474-1A3956D46DE8}") = "common", "common", "{5C467BB3-2DA3-4550-B4F9-6FB8BC2F08F1}"
EndProject
Project("{2150E333-8FDC-42A3-9474-1A3956D46DE8}") = "user", "user", "{30FE9C5D-3113-485F-9FF8-56A117754419}"
EndProject
Project("{2150E333-8FDC-42A3-9474-1A3956D46DE8}") = "invite", "invite", "{7F07386F-72A4-47FF-A062-3675DBEB9D31}"
EndProject
Project("{2150E333-8FDC-42A3-9474-1A3956D46DE8}") = "content", "content", "{51F1CB39-3AF0-4EA1-942D-7119395D4BF1}"
EndProject
Project("{2150E333-8FDC-42A3-9474-1A3956D46DE8}") = "file", "file", "{54C5272B-EC1C-4DB3-A495-175D74DDD503}"
EndProject
Project("{2150E333-8FDC-42A3-9474-1A3956D46DE8}") = "survay", "survay", "{C7EFF44A-58E9-4E01-8642-629231962646}"
EndProject
Project("{2150E333-8FDC-42A3-9474-1A3956D46DE8}") = "ticket", "ticket", "{42A252CE-FD29-4604-88C7-B0CEA31E5558}"
EndProject
Project("{2150E333-8FDC-42A3-9474-1A3956D46DE8}") = "shahkar", "shahkar", "{3E3EB2CB-3354-4183-AAB6-7E5AEBC89D83}"
EndProject
Project("{2150E333-8FDC-42A3-9474-1A3956D46DE8}") = "estelam", "estelam", "{1F60E68C-08F2-43EC-ADA6-0235BBD84DF3}"
EndProject
Project("{2150E333-8FDC-42A3-9474-1A3956D46DE8}") = "khadamateHoze", "khadamateHoze", "{058BEF32-4EA3-4FC9-8ECF-9AB2F7F9408B}"
EndProject
Project("{9A19103F-16F7-4668-BE54-9A1E7A4F7556}") = "Ste.Content.Host", "content\Ste.Content.Host\Ste.Content.Host.csproj", "{E6800A5B-F545-4074-8E1A-B6924EF84C8F}"
EndProject
Project("{9A19103F-16F7-4668-BE54-9A1E7A4F7556}") = "Ste.Estelam.Host", "estelam\Ste.Estelam.Host\Ste.Estelam.Host.csproj", "{5B632B6C-7660-4C9B-9EA2-A56760FE1E81}"
EndProject
Project("{9A19103F-16F7-4668-BE54-9A1E7A4F7556}") = "Ste.File.Host", "file\Ste.File.Host\Ste.File.Host.csproj", "{45C7B5EF-E7B1-47C8-B523-77676FBD3CE1}"
EndProject
Project("{9A19103F-16F7-4668-BE54-9A1E7A4F7556}") = "Ste.Invite.Host", "invite\Ste.Invite.Host\Ste.Invite.Host.csproj", "{E9AB23BE-36A6-4A26-B183-2FA7626C8603}"
EndProject
Project("{9A19103F-16F7-4668-BE54-9A1E7A4F7556}") = "Ste.KhadamateHoze.Host", "khadamateHoze\Ste.KhadamateHoze.Host\Ste.KhadamateHoze.Host.csproj", "{7BC9963B-9ACD-42AF-B210-9E13057337E6}"
EndProject
Project("{9A19103F-16F7-4668-BE54-9A1E7A4F7556}") = "Ste.Log.Host", "log\Ste.Log.Host\Ste.Log.Host.csproj", "{B83919DE-1743-479F-BA6E-FAA87D57EB55}"
EndProject
Project("{9A19103F-16F7-4668-BE54-9A1E7A4F7556}") = "Ste.Shahkar.Host", "shahkar\Ste.Shahkar.Host\Ste.Shahkar.Host.csproj", "{9F64F4C6-D8B4-4398-8AF6-343455A12F96}"
EndProject
Project("{9A19103F-16F7-4668-BE54-9A1E7A4F7556}") = "Ste.Sms.Host", "sms\Ste.Sms.Host\Ste.Sms.Host.csproj", "{C34CF8AB-D5DD-4735-875A-36DF75ED7056}"
EndProject
Project("{9A19103F-16F7-4668-BE54-9A1E7A4F7556}") = "Ste.Survay.Host", "survay\Ste.Survay.Host\Ste.Survay.Host.csproj", "{50258745-68B4-47B0-8829-9F47DEBD1C76}"
EndProject
Project("{9A19103F-16F7-4668-BE54-9A1E7A4F7556}") = "Ste.Ticket.Host", "ticket\Ste.Ticket.Host\Ste.Ticket.Host.csproj", "{CE793FDB-3E71-4401-9469-F76154C7224A}"
EndProject
Project("{9A19103F-16F7-4668-BE54-9A1E7A4F7556}") = "Ste.User.Host", "user\Ste.User.Host\Ste.User.Host.csproj", "{8BDCBBDF-1AEB-4AD9-96ED-081FF129ED7B}"
EndProject
Project("{9A19103F-16F7-4668-BE54-9A1E7A4F7556}") = "Ste.Getway", "common\Ste.Getway\Ste.Getway.csproj", "{DD357ECD-AF68-48B1-8C40-3EC5A965951B}"
EndProject
Project("{9A19103F-16F7-4668-BE54-9A1E7A4F7556}") = "Ste.Framework", "common\Ste.Framework\Ste.Framework.csproj", "{BD8581A1-3EFA-40DD-B56F-6424892F6611}"
EndProject
Project("{9A19103F-16F7-4668-BE54-9A1E7A4F7556}") = "Ste.User.Infrastructure", "user\Ste.User.Infrastructure\Ste.User.Infrastructure.csproj", "{3F144AAF-8062-45F0-BBA6-C3C9542B919D}"
EndProject
Project("{9A19103F-16F7-4668-BE54-9A1E7A4F7556}") = "Ste.User.Application", "user\Ste.User.Application\Ste.User.Application.csproj", "{7EDBF204-15E9-41B6-8422-60E0AAC9BAEF}"
EndProject
Project("{9A19103F-16F7-4668-BE54-9A1E7A4F7556}") = "Ste.Sms.Infrastructure", "Sms\Ste.Sms.Infrastructure\Ste.Sms.Infrastructure.csproj", "{CCF207B1-EDAB-4C81-8DC6-284B52EBA2AA}"
EndProject
Project("{9A19103F-16F7-4668-BE54-9A1E7A4F7556}") = "Ste.Sms.Application", "Sms\Ste.Sms.Application\Ste.Sms.Application.csproj", "{FA276A34-3337-4B01-BC97-BC8DD7F84B6B}"
EndProject
Project("{FAE04EC0-301F-11D3-BF4B-00C04F79EFBC}") = "Ste.Sms.Contract", "sms\Ste.Sms.Contract\Ste.Sms.Contract.csproj", "{2CB364AA-1A98-44BA-AFC8-B07E0889AFCB}"
EndProject
Global
	GlobalSection(SolutionConfigurationPlatforms) = preSolution
		Debug|Any CPU = Debug|Any CPU
		Release|Any CPU = Release|Any CPU
	EndGlobalSection
	GlobalSection(ProjectConfigurationPlatforms) = postSolution
		{E6800A5B-F545-4074-8E1A-B6924EF84C8F}.Debug|Any CPU.ActiveCfg = Debug|Any CPU
		{E6800A5B-F545-4074-8E1A-B6924EF84C8F}.Debug|Any CPU.Build.0 = Debug|Any CPU
		{E6800A5B-F545-4074-8E1A-B6924EF84C8F}.Release|Any CPU.ActiveCfg = Release|Any CPU
		{E6800A5B-F545-4074-8E1A-B6924EF84C8F}.Release|Any CPU.Build.0 = Release|Any CPU
		{5B632B6C-7660-4C9B-9EA2-A56760FE1E81}.Debug|Any CPU.ActiveCfg = Debug|Any CPU
		{5B632B6C-7660-4C9B-9EA2-A56760FE1E81}.Debug|Any CPU.Build.0 = Debug|Any CPU
		{5B632B6C-7660-4C9B-9EA2-A56760FE1E81}.Release|Any CPU.ActiveCfg = Release|Any CPU
		{5B632B6C-7660-4C9B-9EA2-A56760FE1E81}.Release|Any CPU.Build.0 = Release|Any CPU
		{45C7B5EF-E7B1-47C8-B523-77676FBD3CE1}.Debug|Any CPU.ActiveCfg = Debug|Any CPU
		{45C7B5EF-E7B1-47C8-B523-77676FBD3CE1}.Debug|Any CPU.Build.0 = Debug|Any CPU
		{45C7B5EF-E7B1-47C8-B523-77676FBD3CE1}.Release|Any CPU.ActiveCfg = Release|Any CPU
		{45C7B5EF-E7B1-47C8-B523-77676FBD3CE1}.Release|Any CPU.Build.0 = Release|Any CPU
		{E9AB23BE-36A6-4A26-B183-2FA7626C8603}.Debug|Any CPU.ActiveCfg = Debug|Any CPU
		{E9AB23BE-36A6-4A26-B183-2FA7626C8603}.Debug|Any CPU.Build.0 = Debug|Any CPU
		{E9AB23BE-36A6-4A26-B183-2FA7626C8603}.Release|Any CPU.ActiveCfg = Release|Any CPU
		{E9AB23BE-36A6-4A26-B183-2FA7626C8603}.Release|Any CPU.Build.0 = Release|Any CPU
		{7BC9963B-9ACD-42AF-B210-9E13057337E6}.Debug|Any CPU.ActiveCfg = Debug|Any CPU
		{7BC9963B-9ACD-42AF-B210-9E13057337E6}.Debug|Any CPU.Build.0 = Debug|Any CPU
		{7BC9963B-9ACD-42AF-B210-9E13057337E6}.Release|Any CPU.ActiveCfg = Release|Any CPU
		{7BC9963B-9ACD-42AF-B210-9E13057337E6}.Release|Any CPU.Build.0 = Release|Any CPU
		{B83919DE-1743-479F-BA6E-FAA87D57EB55}.Debug|Any CPU.ActiveCfg = Debug|Any CPU
		{B83919DE-1743-479F-BA6E-FAA87D57EB55}.Debug|Any CPU.Build.0 = Debug|Any CPU
		{B83919DE-1743-479F-BA6E-FAA87D57EB55}.Release|Any CPU.ActiveCfg = Release|Any CPU
		{B83919DE-1743-479F-BA6E-FAA87D57EB55}.Release|Any CPU.Build.0 = Release|Any CPU
		{9F64F4C6-D8B4-4398-8AF6-343455A12F96}.Debug|Any CPU.ActiveCfg = Debug|Any CPU
		{9F64F4C6-D8B4-4398-8AF6-343455A12F96}.Debug|Any CPU.Build.0 = Debug|Any CPU
		{9F64F4C6-D8B4-4398-8AF6-343455A12F96}.Release|Any CPU.ActiveCfg = Release|Any CPU
		{9F64F4C6-D8B4-4398-8AF6-343455A12F96}.Release|Any CPU.Build.0 = Release|Any CPU
		{C34CF8AB-D5DD-4735-875A-36DF75ED7056}.Debug|Any CPU.ActiveCfg = Debug|Any CPU
		{C34CF8AB-D5DD-4735-875A-36DF75ED7056}.Debug|Any CPU.Build.0 = Debug|Any CPU
		{C34CF8AB-D5DD-4735-875A-36DF75ED7056}.Release|Any CPU.ActiveCfg = Release|Any CPU
		{C34CF8AB-D5DD-4735-875A-36DF75ED7056}.Release|Any CPU.Build.0 = Release|Any CPU
		{50258745-68B4-47B0-8829-9F47DEBD1C76}.Debug|Any CPU.ActiveCfg = Debug|Any CPU
		{50258745-68B4-47B0-8829-9F47DEBD1C76}.Debug|Any CPU.Build.0 = Debug|Any CPU
		{50258745-68B4-47B0-8829-9F47DEBD1C76}.Release|Any CPU.ActiveCfg = Release|Any CPU
		{50258745-68B4-47B0-8829-9F47DEBD1C76}.Release|Any CPU.Build.0 = Release|Any CPU
		{CE793FDB-3E71-4401-9469-F76154C7224A}.Debug|Any CPU.ActiveCfg = Debug|Any CPU
		{CE793FDB-3E71-4401-9469-F76154C7224A}.Debug|Any CPU.Build.0 = Debug|Any CPU
		{CE793FDB-3E71-4401-9469-F76154C7224A}.Release|Any CPU.ActiveCfg = Release|Any CPU
		{CE793FDB-3E71-4401-9469-F76154C7224A}.Release|Any CPU.Build.0 = Release|Any CPU
		{8BDCBBDF-1AEB-4AD9-96ED-081FF129ED7B}.Debug|Any CPU.ActiveCfg = Debug|Any CPU
		{8BDCBBDF-1AEB-4AD9-96ED-081FF129ED7B}.Debug|Any CPU.Build.0 = Debug|Any CPU
		{8BDCBBDF-1AEB-4AD9-96ED-081FF129ED7B}.Release|Any CPU.ActiveCfg = Release|Any CPU
		{8BDCBBDF-1AEB-4AD9-96ED-081FF129ED7B}.Release|Any CPU.Build.0 = Release|Any CPU
		{DD357ECD-AF68-48B1-8C40-3EC5A965951B}.Debug|Any CPU.ActiveCfg = Debug|Any CPU
		{DD357ECD-AF68-48B1-8C40-3EC5A965951B}.Debug|Any CPU.Build.0 = Debug|Any CPU
		{DD357ECD-AF68-48B1-8C40-3EC5A965951B}.Release|Any CPU.ActiveCfg = Release|Any CPU
		{DD357ECD-AF68-48B1-8C40-3EC5A965951B}.Release|Any CPU.Build.0 = Release|Any CPU
		{BD8581A1-3EFA-40DD-B56F-6424892F6611}.Debug|Any CPU.ActiveCfg = Debug|Any CPU
		{BD8581A1-3EFA-40DD-B56F-6424892F6611}.Debug|Any CPU.Build.0 = Debug|Any CPU
		{BD8581A1-3EFA-40DD-B56F-6424892F6611}.Release|Any CPU.ActiveCfg = Release|Any CPU
		{BD8581A1-3EFA-40DD-B56F-6424892F6611}.Release|Any CPU.Build.0 = Release|Any CPU
		{3F144AAF-8062-45F0-BBA6-C3C9542B919D}.Debug|Any CPU.ActiveCfg = Debug|Any CPU
		{3F144AAF-8062-45F0-BBA6-C3C9542B919D}.Debug|Any CPU.Build.0 = Debug|Any CPU
		{3F144AAF-8062-45F0-BBA6-C3C9542B919D}.Release|Any CPU.ActiveCfg = Release|Any CPU
		{3F144AAF-8062-45F0-BBA6-C3C9542B919D}.Release|Any CPU.Build.0 = Release|Any CPU
		{7EDBF204-15E9-41B6-8422-60E0AAC9BAEF}.Debug|Any CPU.ActiveCfg = Debug|Any CPU
		{7EDBF204-15E9-41B6-8422-60E0AAC9BAEF}.Debug|Any CPU.Build.0 = Debug|Any CPU
		{7EDBF204-15E9-41B6-8422-60E0AAC9BAEF}.Release|Any CPU.ActiveCfg = Release|Any CPU
		{7EDBF204-15E9-41B6-8422-60E0AAC9BAEF}.Release|Any CPU.Build.0 = Release|Any CPU
		{CCF207B1-EDAB-4C81-8DC6-284B52EBA2AA}.Debug|Any CPU.ActiveCfg = Debug|Any CPU
		{CCF207B1-EDAB-4C81-8DC6-284B52EBA2AA}.Debug|Any CPU.Build.0 = Debug|Any CPU
		{CCF207B1-EDAB-4C81-8DC6-284B52EBA2AA}.Release|Any CPU.ActiveCfg = Release|Any CPU
		{CCF207B1-EDAB-4C81-8DC6-284B52EBA2AA}.Release|Any CPU.Build.0 = Release|Any CPU
		{FA276A34-3337-4B01-BC97-BC8DD7F84B6B}.Debug|Any CPU.ActiveCfg = Debug|Any CPU
		{FA276A34-3337-4B01-BC97-BC8DD7F84B6B}.Debug|Any CPU.Build.0 = Debug|Any CPU
		{FA276A34-3337-4B01-BC97-BC8DD7F84B6B}.Release|Any CPU.ActiveCfg = Release|Any CPU
		{FA276A34-3337-4B01-BC97-BC8DD7F84B6B}.Release|Any CPU.Build.0 = Release|Any CPU
		{2CB364AA-1A98-44BA-AFC8-B07E0889AFCB}.Debug|Any CPU.ActiveCfg = Debug|Any CPU
		{2CB364AA-1A98-44BA-AFC8-B07E0889AFCB}.Debug|Any CPU.Build.0 = Debug|Any CPU
		{2CB364AA-1A98-44BA-AFC8-B07E0889AFCB}.Release|Any CPU.ActiveCfg = Release|Any CPU
		{2CB364AA-1A98-44BA-AFC8-B07E0889AFCB}.Release|Any CPU.Build.0 = Release|Any CPU
	EndGlobalSection
	GlobalSection(SolutionProperties) = preSolution
		HideSolutionNode = FALSE
	EndGlobalSection
	GlobalSection(NestedProjects) = preSolution
		{E6800A5B-F545-4074-8E1A-B6924EF84C8F} = {51F1CB39-3AF0-4EA1-942D-7119395D4BF1}
		{5B632B6C-7660-4C9B-9EA2-A56760FE1E81} = {1F60E68C-08F2-43EC-ADA6-0235BBD84DF3}
		{45C7B5EF-E7B1-47C8-B523-77676FBD3CE1} = {54C5272B-EC1C-4DB3-A495-175D74DDD503}
		{E9AB23BE-36A6-4A26-B183-2FA7626C8603} = {7F07386F-72A4-47FF-A062-3675DBEB9D31}
		{7BC9963B-9ACD-42AF-B210-9E13057337E6} = {058BEF32-4EA3-4FC9-8ECF-9AB2F7F9408B}
		{B83919DE-1743-479F-BA6E-FAA87D57EB55} = {9C8B7D7C-3CAC-4DAD-87AE-E4917AA54B1B}
		{9F64F4C6-D8B4-4398-8AF6-343455A12F96} = {3E3EB2CB-3354-4183-AAB6-7E5AEBC89D83}
		{C34CF8AB-D5DD-4735-875A-36DF75ED7056} = {98EA6656-CE5E-48F5-9FE6-311D89C31880}
		{50258745-68B4-47B0-8829-9F47DEBD1C76} = {C7EFF44A-58E9-4E01-8642-629231962646}
		{CE793FDB-3E71-4401-9469-F76154C7224A} = {42A252CE-FD29-4604-88C7-B0CEA31E5558}
		{8BDCBBDF-1AEB-4AD9-96ED-081FF129ED7B} = {30FE9C5D-3113-485F-9FF8-56A117754419}
		{DD357ECD-AF68-48B1-8C40-3EC5A965951B} = {5C467BB3-2DA3-4550-B4F9-6FB8BC2F08F1}
		{BD8581A1-3EFA-40DD-B56F-6424892F6611} = {5C467BB3-2DA3-4550-B4F9-6FB8BC2F08F1}
		{3F144AAF-8062-45F0-BBA6-C3C9542B919D} = {30FE9C5D-3113-485F-9FF8-56A117754419}
		{7EDBF204-15E9-41B6-8422-60E0AAC9BAEF} = {30FE9C5D-3113-485F-9FF8-56A117754419}
		{CCF207B1-EDAB-4C81-8DC6-284B52EBA2AA} = {98EA6656-CE5E-48F5-9FE6-311D89C31880}
		{FA276A34-3337-4B01-BC97-BC8DD7F84B6B} = {98EA6656-CE5E-48F5-9FE6-311D89C31880}
		{2CB364AA-1A98-44BA-AFC8-B07E0889AFCB} = {98EA6656-CE5E-48F5-9FE6-311D89C31880}
	EndGlobalSection
	GlobalSection(ExtensibilityGlobals) = postSolution
		SolutionGuid = {4CF76758-C57E-4C24-90F1-543B56EF7919}
	EndGlobalSection
EndGlobal
